// !$*UTF8*$!
{
	archiveVersion = 1;
	classes = {
	};
	objectVersion = 56;
	objects = {

/* Begin PBXBuildFile section */
		9BAAFCE62C57628D00156E22 /* crudphpApp.swift in Sources */ = {isa = PBXBuildFile; fileRef = 9BAAFCE52C57628D00156E22 /* crudphpApp.swift */; };
		9BAAFCE82C57628D00156E22 /* ContentView.swift in Sources */ = {isa = PBXBuildFile; fileRef = 9BAAFCE72C57628D00156E22 /* ContentView.swift */; };
		9BAAFCEA2C57628F00156E22 /* Assets.xcassets in Resources */ = {isa = PBXBuildFile; fileRef = 9BAAFCE92C57628F00156E22 /* Assets.xcassets */; };
		9BAAFCED2C57628F00156E22 /* Preview Assets.xcassets in Resources */ = {isa = PBXBuildFile; fileRef = 9BAAFCEC2C57628F00156E22 /* Preview Assets.xcassets */; };
		9BAAFCF52C57633300156E22 /* Alamofire in Frameworks */ = {isa = PBXBuildFile; productRef = 9BAAFCF42C57633300156E22 /* Alamofire */; };
		9BAAFCFB2C57657A00156E22 /* Home.swift in Sources */ = {isa = PBXBuildFile; fileRef = 9BAAFCFA2C57657A00156E22 /* Home.swift */; };
		9BAAFCFD2C57659B00156E22 /* PostView.swift in Sources */ = {isa = PBXBuildFile; fileRef = 9BAAFCFC2C57659B00156E22 /* PostView.swift */; };
		9BAAFCFF2C5765AE00156E22 /* EditView.swift in Sources */ = {isa = PBXBuildFile; fileRef = 9BAAFCFE2C5765AE00156E22 /* EditView.swift */; };
		9BAAFD012C5765C300156E22 /* DetailView.swift in Sources */ = {isa = PBXBuildFile; fileRef = 9BAAFD002C5765C300156E22 /* DetailView.swift */; };
		9BAAFD032C57662100156E22 /* posts.swift in Sources */ = {isa = PBXBuildFile; fileRef = 9BAAFD022C57662100156E22 /* posts.swift */; };
		9BAAFD052C57663400156E22 /* crud.swift in Sources */ = {isa = PBXBuildFile; fileRef = 9BAAFD042C57663400156E22 /* crud.swift */; };
		9BAAFD072C5769A900156E22 /* ImagePicker.swift in Sources */ = {isa = PBXBuildFile; fileRef = 9BAAFD062C5769A900156E22 /* ImagePicker.swift */; };
/* End PBXBuildFile section */

/* Begin PBXFileReference section */
		9BAAFCE22C57628D00156E22 /* crudphp.app */ = {isa = PBXFileReference; explicitFileType = wrapper.application; includeInIndex = 0; path = crudphp.app; sourceTree = BUILT_PRODUCTS_DIR; };
		9BAAFCE52C57628D00156E22 /* crudphpApp.swift */ = {isa = PBXFileReference; lastKnownFileType = sourcecode.swift; path = crudphpApp.swift; sourceTree = "<group>"; };
		9BAAFCE72C57628D00156E22 /* ContentView.swift */ = {isa = PBXFileReference; lastKnownFileType = sourcecode.swift; path = ContentView.swift; sourceTree = "<group>"; };
		9BAAFCE92C57628F00156E22 /* Assets.xcassets */ = {isa = PBXFileReference; lastKnownFileType = folder.assetcatalog; path = Assets.xcassets; sourceTree = "<group>"; };
		9BAAFCEC2C57628F00156E22 /* Preview Assets.xcassets */ = {isa = PBXFileReference; lastKnownFileType = folder.assetcatalog; path = "Preview Assets.xcassets"; sourceTree = "<group>"; };
		9BAAFCF82C5764FD00156E22 /* Info.plist */ = {isa = PBXFileReference; lastKnownFileType = text.plist.xml; path = Info.plist; sourceTree = "<group>"; };
		9BAAFCFA2C57657A00156E22 /* Home.swift */ = {isa = PBXFileReference; lastKnownFileType = sourcecode.swift; path = Home.swift; sourceTree = "<group>"; };
		9BAAFCFC2C57659B00156E22 /* PostView.swift */ = {isa = PBXFileReference; lastKnownFileType = sourcecode.swift; path = PostView.swift; sourceTree = "<group>"; };
		9BAAFCFE2C5765AE00156E22 /* EditView.swift */ = {isa = PBXFileReference; lastKnownFileType = sourcecode.swift; path = EditView.swift; sourceTree = "<group>"; };
		9BAAFD002C5765C300156E22 /* DetailView.swift */ = {isa = PBXFileReference; lastKnownFileType = sourcecode.swift; path = DetailView.swift; sourceTree = "<group>"; };
		9BAAFD022C57662100156E22 /* posts.swift */ = {isa = PBXFileReference; lastKnownFileType = sourcecode.swift; path = posts.swift; sourceTree = "<group>"; };
		9BAAFD042C57663400156E22 /* crud.swift */ = {isa = PBXFileReference; lastKnownFileType = sourcecode.swift; path = crud.swift; sourceTree = "<group>"; };
		9BAAFD062C5769A900156E22 /* ImagePicker.swift */ = {isa = PBXFileReference; lastKnownFileType = sourcecode.swift; path = ImagePicker.swift; sourceTree = "<group>"; };
/* End PBXFileReference section */

/* Begin PBXFrameworksBuildPhase section */
		9BAAFCDF2C57628D00156E22 /* Frameworks */ = {
			isa = PBXFrameworksBuildPhase;
			buildActionMask = 2147483647;
			files = (
				9BAAFCF52C57633300156E22 /* Alamofire in Frameworks */,
			);
			runOnlyForDeploymentPostprocessing = 0;
		};
/* End PBXFrameworksBuildPhase section */

/* Begin PBXGroup section */
		9BAAFCD92C57628D00156E22 = {
			isa = PBXGroup;
			children = (
				9BAAFCE42C57628D00156E22 /* crudphp */,
				9BAAFCE32C57628D00156E22 /* Products */,
			);
			sourceTree = "<group>";
		};
		9BAAFCE32C57628D00156E22 /* Products */ = {
			isa = PBXGroup;
			children = (
				9BAAFCE22C57628D00156E22 /* crudphp.app */,
			);
			name = Products;
			sourceTree = "<group>";
		};
		9BAAFCE42C57628D00156E22 /* crudphp */ = {
			isa = PBXGroup;
			children = (
				9BAAFCF82C5764FD00156E22 /* Info.plist */,
				9BAAFCF92C57656000156E22 /* viewmodels */,
				9BAAFCF72C5764B300156E22 /* models */,
				9BAAFCF62C5764A800156E22 /* views */,
				9BAAFCE52C57628D00156E22 /* crudphpApp.swift */,
				9BAAFCE72C57628D00156E22 /* ContentView.swift */,
				9BAAFCE92C57628F00156E22 /* Assets.xcassets */,
				9BAAFCEB2C57628F00156E22 /* Preview Content */,
				9BAAFD062C5769A900156E22 /* ImagePicker.swift */,
			);
			path = crudphp;
			sourceTree = "<group>";
		};
		9BAAFCEB2C57628F00156E22 /* Preview Content */ = {
			isa = PBXGroup;
			children = (
				9BAAFCEC2C57628F00156E22 /* Preview Assets.xcassets */,
			);
			path = "Preview Content";
			sourceTree = "<group>";
		};
		9BAAFCF62C5764A800156E22 /* views */ = {
			isa = PBXGroup;
			children = (
				9BAAFCFA2C57657A00156E22 /* Home.swift */,
				9BAAFCFC2C57659B00156E22 /* PostView.swift */,
				9BAAFCFE2C5765AE00156E22 /* EditView.swift */,
				9BAAFD002C5765C300156E22 /* DetailView.swift */,
			);
			path = views;
			sourceTree = "<group>";
		};
		9BAAFCF72C5764B300156E22 /* models */ = {
			isa = PBXGroup;
			children = (
				9BAAFD022C57662100156E22 /* posts.swift */,
			);
			path = models;
			sourceTree = "<group>";
		};
		9BAAFCF92C57656000156E22 /* viewmodels */ = {
			isa = PBXGroup;
			children = (
				9BAAFD042C57663400156E22 /* crud.swift */,
			);
			path = viewmodels;
			sourceTree = "<group>";
		};
/* End PBXGroup section */

/* Begin PBXNativeTarget section */
		9BAAFCE12C57628D00156E22 /* crudphp */ = {
			isa = PBXNativeTarget;
			buildConfigurationList = 9BAAFCF02C57628F00156E22 /* Build configuration list for PBXNativeTarget "crudphp" */;
			buildPhases = (
				9BAAFCDE2C57628D00156E22 /* Sources */,
				9BAAFCDF2C57628D00156E22 /* Frameworks */,
				9BAAFCE02C57628D00156E22 /* Resources */,
			);
			buildRules = (
			);
			dependencies = (
			);
			name = crudphp;
			packageProductDependencies = (
				9BAAFCF42C57633300156E22 /* Alamofire */,
			);
			productName = crudphp;
			productReference = 9BAAFCE22C57628D00156E22 /* crudphp.app */;
			productType = "com.apple.product-type.application";
		};
/* End PBXNativeTarget section */

/* Begin PBXProject section */
		9BAAFCDA2C57628D00156E22 /* Project object */ = {
			isa = PBXProject;
			attributes = {
				BuildIndependentTargetsInParallel = 1;
				LastSwiftUpdateCheck = 1420;
				LastUpgradeCheck = 1620;
				TargetAttributes = {
					9BAAFCE12C57628D00156E22 = {
						CreatedOnToolsVersion = 14.2;
					};
				};
			};
			buildConfigurationList = 9BAAFCDD2C57628D00156E22 /* Build configuration list for PBXProject "crudphp" */;
			compatibilityVersion = "Xcode 14.0";
			developmentRegion = en;
			hasScannedForEncodings = 0;
			knownRegions = (
				en,
				Base,
			);
			mainGroup = 9BAAFCD92C57628D00156E22;
			packageReferences = (
				9BAAFCF32C57633300156E22 /* XCRemoteSwiftPackageReference "Alamofire" */,
			);
			productRefGroup = 9BAAFCE32C57628D00156E22 /* Products */;
			projectDirPath = "";
			projectRoot = "";
			targets = (
				9BAAFCE12C57628D00156E22 /* crudphp */,
			);
		};
/* End PBXProject section */

/* Begin PBXResourcesBuildPhase section */
		9BAAFCE02C57628D00156E22 /* Resources */ = {
			isa = PBXResourcesBuildPhase;
			buildActionMask = 2147483647;
			files = (
				9BAAFCED2C57628F00156E22 /* Preview Assets.xcassets in Resources */,
				9BAAFCEA2C57628F00156E22 /* Assets.xcassets in Resources */,
			);
			runOnlyForDeploymentPostprocessing = 0;
		};
/* End PBXResourcesBuildPhase section */

/* Begin PBXSourcesBuildPhase section */
		9BAAFCDE2C57628D00156E22 /* Sources */ = {
			isa = PBXSourcesBuildPhase;
			buildActionMask = 2147483647;
			files = (
				9BAAFCE82C57628D00156E22 /* ContentView.swift in Sources */,
				9BAAFD012C5765C300156E22 /* DetailView.swift in Sources */,
				9BAAFCFF2C5765AE00156E22 /* EditView.swift in Sources */,
				9BAAFD072C5769A900156E22 /* ImagePicker.swift in Sources */,
				9BAAFD052C57663400156E22 /* crud.swift in Sources */,
				9BAAFCFB2C57657A00156E22 /* Home.swift in Sources */,
				9BAAFCFD2C57659B00156E22 /* PostView.swift in Sources */,
				9BAAFCE62C57628D00156E22 /* crudphpApp.swift in Sources */,
				9BAAFD032C57662100156E22 /* posts.swift in Sources */,
			);
			runOnlyForDeploymentPostprocessing = 0;
		};
/* End PBXSourcesBuildPhase section */

/* Begin XCBuildConfiguration section */
		9BAAFCEE2C57628F00156E22 /* Debug */ = {
			isa = XCBuildConfiguration;
			buildSettings = {
				ALWAYS_SEARCH_USER_PATHS = NO;
				CLANG_ANALYZER_NONNULL = YES;
				CLANG_ANALYZER_NUMBER_OBJECT_CONVERSION = YES_AGGRESSIVE;
				CLANG_CXX_LANGUAGE_STANDARD = "gnu++20";
				CLANG_ENABLE_MODULES = YES;
				CLANG_ENABLE_OBJC_ARC = YES;
				CLANG_ENABLE_OBJC_WEAK = YES;
				CLANG_WARN_BLOCK_CAPTURE_AUTORELEASING = YES;
				CLANG_WARN_BOOL_CONVERSION = YES;
				CLANG_WARN_COMMA = YES;
				CLANG_WARN_CONSTANT_CONVERSION = YES;
				CLANG_WARN_DEPRECATED_OBJC_IMPLEMENTATIONS = YES;
				CLANG_WARN_DIRECT_OBJC_ISA_USAGE = YES_ERROR;
				CLANG_WARN_DOCUMENTATION_COMMENTS = YES;
				CLANG_WARN_EMPTY_BODY = YES;
				CLANG_WARN_ENUM_CONVERSION = YES;
				CLANG_WARN_INFINITE_RECURSION = YES;
				CLANG_WARN_INT_CONVERSION = YES;
				CLANG_WARN_NON_LITERAL_NULL_CONVERSION = YES;
				CLANG_WARN_OBJC_IMPLICIT_RETAIN_SELF = YES;
				CLANG_WARN_OBJC_LITERAL_CONVERSION = YES;
				CLANG_WARN_OBJC_ROOT_CLASS = YES_ERROR;
				CLANG_WARN_QUOTED_INCLUDE_IN_FRAMEWORK_HEADER = YES;
				CLANG_WARN_RANGE_LOOP_ANALYSIS = YES;
				CLANG_WARN_STRICT_PROTOTYPES = YES;
				CLANG_WARN_SUSPICIOUS_MOVE = YES;
				CLANG_WARN_UNGUARDED_AVAILABILITY = YES_AGGRESSIVE;
				CLANG_WARN_UNREACHABLE_CODE = YES;
				CLANG_WARN__DUPLICATE_METHOD_MATCH = YES;
				COPY_PHASE_STRIP = NO;
				DEBUG_INFORMATION_FORMAT = dwarf;
				ENABLE_STRICT_OBJC_MSGSEND = YES;
				ENABLE_TESTABILITY = YES;
				ENABLE_USER_SCRIPT_SANDBOXING = YES;
				GCC_C_LANGUAGE_STANDARD = gnu11;
				GCC_DYNAMIC_NO_PIC = NO;
				GCC_NO_COMMON_BLOCKS = YES;
				GCC_OPTIMIZATION_LEVEL = 0;
				GCC_PREPROCESSOR_DEFINITIONS = (
					"DEBUG=1",
					"$(inherited)",
				);
				GCC_WARN_64_TO_32_BIT_CONVERSION = YES;
				GCC_WARN_ABOUT_RETURN_TYPE = YES_ERROR;
				GCC_WARN_UNDECLARED_SELECTOR = YES;
				GCC_WARN_UNINITIALIZED_AUTOS = YES_AGGRESSIVE;
				GCC_WARN_UNUSED_FUNCTION = YES;
				GCC_WARN_UNUSED_VARIABLE = YES;
				IPHONEOS_DEPLOYMENT_TARGET = 16.2;
				MTL_ENABLE_DEBUG_INFO = INCLUDE_SOURCE;
				MTL_FAST_MATH = YES;
				ONLY_ACTIVE_ARCH = YES;
				SDKROOT = iphoneos;
				SWIFT_ACTIVE_COMPILATION_CONDITIONS = DEBUG;
				SWIFT_OPTIMIZATION_LEVEL = "-Onone";
			};
			name = Debug;
		};
		9BAAFCEF2C57628F00156E22 /* Release */ = {
			isa = XCBuildConfiguration;
			buildSettings = {
				ALWAYS_SEARCH_USER_PATHS = NO;
				CLANG_ANALYZER_NONNULL = YES;
				CLANG_ANALYZER_NUMBER_OBJECT_CONVERSION = YES_AGGRESSIVE;
				CLANG_CXX_LANGUAGE_STANDARD = "gnu++20";
				CLANG_ENABLE_MODULES = YES;
				CLANG_ENABLE_OBJC_ARC = YES;
				CLANG_ENABLE_OBJC_WEAK = YES;
				CLANG_WARN_BLOCK_CAPTURE_AUTORELEASING = YES;
				CLANG_WARN_BOOL_CONVERSION = YES;
				CLANG_WARN_COMMA = YES;
				CLANG_WARN_CONSTANT_CONVERSION = YES;
				CLANG_WARN_DEPRECATED_OBJC_IMPLEMENTATIONS = YES;
				CLANG_WARN_DIRECT_OBJC_ISA_USAGE = YES_ERROR;
				CLANG_WARN_DOCUMENTATION_COMMENTS = YES;
				CLANG_WARN_EMPTY_BODY = YES;
				CLANG_WARN_ENUM_CONVERSION = YES;
				CLANG_WARN_INFINITE_RECURSION = YES;
				CLANG_WARN_INT_CONVERSION = YES;
				CLANG_WARN_NON_LITERAL_NULL_CONVERSION = YES;
				CLANG_WARN_OBJC_IMPLICIT_RETAIN_SELF = YES;
				CLANG_WARN_OBJC_LITERAL_CONVERSION = YES;
				CLANG_WARN_OBJC_ROOT_CLASS = YES_ERROR;
				CLANG_WARN_QUOTED_INCLUDE_IN_FRAMEWORK_HEADER = YES;
				CLANG_WARN_RANGE_LOOP_ANALYSIS = YES;
				CLANG_WARN_STRICT_PROTOTYPES = YES;
				CLANG_WARN_SUSPICIOUS_MOVE = YES;
				CLANG_WARN_UNGUARDED_AVAILABILITY = YES_AGGRESSIVE;
				CLANG_WARN_UNREACHABLE_CODE = YES;
				CLANG_WARN__DUPLICATE_METHOD_MATCH = YES;
				COPY_PHASE_STRIP = NO;
				DEBUG_INFORMATION_FORMAT = "dwarf-with-dsym";
				ENABLE_NS_ASSERTIONS = NO;
				ENABLE_STRICT_OBJC_MSGSEND = YES;
				ENABLE_USER_SCRIPT_SANDBOXING = YES;
				GCC_C_LANGUAGE_STANDARD = gnu11;
				GCC_NO_COMMON_BLOCKS = YES;
				GCC_WARN_64_TO_32_BIT_CONVERSION = YES;
				GCC_WARN_ABOUT_RETURN_TYPE = YES_ERROR;
				GCC_WARN_UNDECLARED_SELECTOR = YES;
				GCC_WARN_UNINITIALIZED_AUTOS = YES_AGGRESSIVE;
				GCC_WARN_UNUSED_FUNCTION = YES;
				GCC_WARN_UNUSED_VARIABLE = YES;
				IPHONEOS_DEPLOYMENT_TARGET = 16.2;
				MTL_ENABLE_DEBUG_INFO = NO;
				MTL_FAST_MATH = YES;
				SDKROOT = iphoneos;
				SWIFT_COMPILATION_MODE = wholemodule;
				SWIFT_OPTIMIZATION_LEVEL = "-O";
				VALIDATE_PRODUCT = YES;
			};
			name = Release;
		};
		9BAAFCF12C57628F00156E22 /* Debug */ = {
			isa = XCBuildConfiguration;
			buildSettings = {
				ASSETCATALOG_COMPILER_APPICON_NAME = AppIcon;
				ASSETCATALOG_COMPILER_GLOBAL_ACCENT_COLOR_NAME = AccentColor;
				CODE_SIGN_STYLE = Automatic;
				CURRENT_PROJECT_VERSION = 1;
				DEVELOPMENT_ASSET_PATHS = "\"crudphp/Preview Content\"";
				DEVELOPMENT_TEAM = BN7VKM9KUJ;
				ENABLE_PREVIEWS = YES;
				GENERATE_INFOPLIST_FILE = YES;
				INFOPLIST_FILE = crudphp/Info.plist;
				INFOPLIST_KEY_UIApplicationSceneManifest_Generation = YES;
				INFOPLIST_KEY_UIApplicationSupportsIndirectInputEvents = YES;
				INFOPLIST_KEY_UILaunchScreen_Generation = YES;
				INFOPLIST_KEY_UISupportedInterfaceOrientations_iPad = "UIInterfaceOrientationPortrait UIInterfaceOrientationPortraitUpsideDown UIInterfaceOrientationLandscapeLeft UIInterfaceOrientationLandscapeRight";
				INFOPLIST_KEY_UISupportedInterfaceOrientations_iPhone = "UIInterfaceOrientationPortrait UIInterfaceOrientationLandscapeLeft UIInterfaceOrientationLandscapeRight";
				LD_RUNPATH_SEARCH_PATHS = (
					"$(inherited)",
					"@executable_path/Frameworks",
				);
				MARKETING_VERSION = 1.0;
				PRODUCT_BUNDLE_IDENTIFIER = FloresFelixJaimePaul.crudphp;
				PRODUCT_NAME = "$(TARGET_NAME)";
				SWIFT_EMIT_LOC_STRINGS = YES;
				SWIFT_VERSION = 5.0;
				TARGETED_DEVICE_FAMILY = "1,2";
			};
			name = Debug;
		};
		9BAAFCF22C57628F00156E22 /* Release */ = {
			isa = XCBuildConfiguration;
			buildSettings = {
				ASSETCATALOG_COMPILER_APPICON_NAME = AppIcon;
				ASSETCATALOG_COMPILER_GLOBAL_ACCENT_COLOR_NAME = AccentColor;
				CODE_SIGN_STYLE = Automatic;
				CURRENT_PROJECT_VERSION = 1;
				DEVELOPMENT_ASSET_PATHS = "\"crudphp/Preview Content\"";
				DEVELOPMENT_TEAM = BN7VKM9KUJ;
				ENABLE_PREVIEWS = YES;
				GENERATE_INFOPLIST_FILE = YES;
				INFOPLIST_FILE = crudphp/Info.plist;
				INFOPLIST_KEY_UIApplicationSceneManifest_Generation = YES;
				INFOPLIST_KEY_UIApplicationSupportsIndirectInputEvents = YES;
				INFOPLIST_KEY_UILaunchScreen_Generation = YES;
				INFOPLIST_KEY_UISupportedInterfaceOrientations_iPad = "UIInterfaceOrientationPortrait UIInterfaceOrientationPortraitUpsideDown UIInterfaceOrientationLandscapeLeft UIInterfaceOrientationLandscapeRight";
				INFOPLIST_KEY_UISupportedInterfaceOrientations_iPhone = "UIInterfaceOrientationPortrait UIInterfaceOrientationLandscapeLeft UIInterfaceOrientationLandscapeRight";
				LD_RUNPATH_SEARCH_PATHS = (
					"$(inherited)",
					"@executable_path/Frameworks",
				);
				MARKETING_VERSION = 1.0;
				PRODUCT_BUNDLE_IDENTIFIER = FloresFelixJaimePaul.crudphp;
				PRODUCT_NAME = "$(TARGET_NAME)";
				SWIFT_EMIT_LOC_STRINGS = YES;
				SWIFT_VERSION = 5.0;
				TARGETED_DEVICE_FAMILY = "1,2";
			};
			name = Release;
		};
/* End XCBuildConfiguration section */

/* Begin XCConfigurationList section */
		9BAAFCDD2C57628D00156E22 /* Build configuration list for PBXProject "crudphp" */ = {
			isa = XCConfigurationList;
			buildConfigurations = (
				9BAAFCEE2C57628F00156E22 /* Debug */,
				9BAAFCEF2C57628F00156E22 /* Release */,
			);
			defaultConfigurationIsVisible = 0;
			defaultConfigurationName = Release;
		};
		9BAAFCF02C57628F00156E22 /* Build configuration list for PBXNativeTarget "crudphp" */ = {
			isa = XCConfigurationList;
			buildConfigurations = (
				9BAAFCF12C57628F00156E22 /* Debug */,
				9BAAFCF22C57628F00156E22 /* Release */,
			);
			defaultConfigurationIsVisible = 0;
			defaultConfigurationName = Release;
		};
/* End XCConfigurationList section */

/* Begin XCRemoteSwiftPackageReference section */
		9BAAFCF32C57633300156E22 /* XCRemoteSwiftPackageReference "Alamofire" */ = {
			isa = XCRemoteSwiftPackageReference;
			repositoryURL = "https://github.com/Alamofire/Alamofire";
			requirement = {
				branch = master;
				kind = branch;
			};
		};
/* End XCRemoteSwiftPackageReference section */

/* Begin XCSwiftPackageProductDependency section */
		9BAAFCF42C57633300156E22 /* Alamofire */ = {
			isa = XCSwiftPackageProductDependency;
			package = 9BAAFCF32C57633300156E22 /* XCRemoteSwiftPackageReference "Alamofire" */;
			productName = Alamofire;
		};
/* End XCSwiftPackageProductDependency section */
	};
	rootObject = 9BAAFCDA2C57628D00156E22 /* Project object */;
}
